
Microsoft Visual Studio Solution File, Format Version 12.00
Project("{FAE04EC0-301F-11D3-BF4B-00C04F79EFBC}") = "PublishSite", "PublishSite.csproj", "{829DF3D9-6B8E-4D1C-9FD9-0E9E5B1255BE}"
EndProject
Global
	GlobalSection(SolutionConfigurationPlatforms) = preSolution
		Debug|Any CPU = Debug|Any CPU
		Release|Any CPU = Release|Any CPU
	EndGlobalSection
	GlobalSection(ProjectConfigurationPlatforms) = postSolution
		{829DF3D9-6B8E-4D1C-9FD9-0E9E5B1255BE}.Debug|Any CPU.ActiveCfg = Debug|Any CPU
		{829DF3D9-6B8E-4D1C-9FD9-0E9E5B1255BE}.Debug|Any CPU.Build.0 = Debug|Any CPU
		{829DF3D9-6B8E-4D1C-9FD9-0E9E5B1255BE}.Release|Any CPU.ActiveCfg = Release|Any CPU
		{829DF3D9-6B8E-4D1C-9FD9-0E9E5B1255BE}.Release|Any CPU.Build.0 = Release|Any CPU
	EndGlobalSection
EndGlobal
